
Microsoft Visual Studio Solution File, Format Version 12.00
# Visual Studio 15
VisualStudioVersion = 15.0.28010.2041
MinimumVisualStudioVersion = 10.0.40219.1
Project("{FAE04EC0-301F-11D3-BF4B-00C04F79EFBC}") = "Dimension.Android", "Dimension\Dimension.Android\Dimension.Android.csproj", "{435872C8-7177-40B0-BD94-80929F541D23}"
EndProject
Project("{FAE04EC0-301F-11D3-BF4B-00C04F79EFBC}") = "Dimension.iOS", "Dimension\Dimension.iOS\Dimension.iOS.csproj", "{C9EBBBCA-015A-4E26-9297-3B8B7A80E09C}"
EndProject
Project("{FAE04EC0-301F-11D3-BF4B-00C04F79EFBC}") = "Dimension.UWP", "Dimension\Dimension.UWP\Dimension.UWP.csproj", "{CDEAADAD-49ED-49D6-B685-23FFC9ECEB00}"
EndProject
Project("{FAE04EC0-301F-11D3-BF4B-00C04F79EFBC}") = "Dimension", "Dimension\Dimension\Dimension.csproj", "{184E2280-91F6-40B3-9A21-697E40B0E7F9}"
EndProject
Global
	GlobalSection(SolutionConfigurationPlatforms) = preSolution
		Ad-Hoc|Any CPU = Ad-Hoc|Any CPU
		Ad-Hoc|ARM = Ad-Hoc|ARM
		Ad-Hoc|iPhone = Ad-Hoc|iPhone
		Ad-Hoc|iPhoneSimulator = Ad-Hoc|iPhoneSimulator
		Ad-Hoc|x64 = Ad-Hoc|x64
		Ad-Hoc|x86 = Ad-Hoc|x86
		AppStore|Any CPU = AppStore|Any CPU
		AppStore|ARM = AppStore|ARM
		AppStore|iPhone = AppStore|iPhone
		AppStore|iPhoneSimulator = AppStore|iPhoneSimulator
		AppStore|x64 = AppStore|x64
		AppStore|x86 = AppStore|x86
		Debug|Any CPU = Debug|Any CPU
		Debug|ARM = Debug|ARM
		Debug|iPhone = Debug|iPhone
		Debug|iPhoneSimulator = Debug|iPhoneSimulator
		Debug|x64 = Debug|x64
		Debug|x86 = Debug|x86
		Release|Any CPU = Release|Any CPU
		Release|ARM = Release|ARM
		Release|iPhone = Release|iPhone
		Release|iPhoneSimulator = Release|iPhoneSimulator
		Release|x64 = Release|x64
		Release|x86 = Release|x86
	EndGlobalSection
	GlobalSection(ProjectConfigurationPlatforms) = postSolution
		{435872C8-7177-40B0-BD94-80929F541D23}.Ad-Hoc|Any CPU.ActiveCfg = Release|Any CPU
		{435872C8-7177-40B0-BD94-80929F541D23}.Ad-Hoc|Any CPU.Build.0 = Release|Any CPU
		{435872C8-7177-40B0-BD94-80929F541D23}.Ad-Hoc|Any CPU.Deploy.0 = Release|Any CPU
		{435872C8-7177-40B0-BD94-80929F541D23}.Ad-Hoc|ARM.ActiveCfg = Release|Any CPU
		{435872C8-7177-40B0-BD94-80929F541D23}.Ad-Hoc|ARM.Build.0 = Release|Any CPU
		{435872C8-7177-40B0-BD94-80929F541D23}.Ad-Hoc|ARM.Deploy.0 = Release|Any CPU
		{435872C8-7177-40B0-BD94-80929F541D23}.Ad-Hoc|iPhone.ActiveCfg = Release|Any CPU
		{435872C8-7177-40B0-BD94-80929F541D23}.Ad-Hoc|iPhone.Build.0 = Release|Any CPU
		{435872C8-7177-40B0-BD94-80929F541D23}.Ad-Hoc|iPhone.Deploy.0 = Release|Any CPU
		{435872C8-7177-40B0-BD94-80929F541D23}.Ad-Hoc|iPhoneSimulator.ActiveCfg = Release|Any CPU
		{435872C8-7177-40B0-BD94-80929F541D23}.Ad-Hoc|iPhoneSimulator.Build.0 = Release|Any CPU
		{435872C8-7177-40B0-BD94-80929F541D23}.Ad-Hoc|iPhoneSimulator.Deploy.0 = Release|Any CPU
		{435872C8-7177-40B0-BD94-80929F541D23}.Ad-Hoc|x64.ActiveCfg = Release|Any CPU
		{435872C8-7177-40B0-BD94-80929F541D23}.Ad-Hoc|x64.Build.0 = Release|Any CPU
		{435872C8-7177-40B0-BD94-80929F541D23}.Ad-Hoc|x64.Deploy.0 = Release|Any CPU
		{435872C8-7177-40B0-BD94-80929F541D23}.Ad-Hoc|x86.ActiveCfg = Release|Any CPU
		{435872C8-7177-40B0-BD94-80929F541D23}.Ad-Hoc|x86.Build.0 = Release|Any CPU
		{435872C8-7177-40B0-BD94-80929F541D23}.Ad-Hoc|x86.Deploy.0 = Release|Any CPU
		{435872C8-7177-40B0-BD94-80929F541D23}.AppStore|Any CPU.ActiveCfg = Release|Any CPU
		{435872C8-7177-40B0-BD94-80929F541D23}.AppStore|Any CPU.Build.0 = Release|Any CPU
		{435872C8-7177-40B0-BD94-80929F541D23}.AppStore|Any CPU.Deploy.0 = Release|Any CPU
		{435872C8-7177-40B0-BD94-80929F541D23}.AppStore|ARM.ActiveCfg = Release|Any CPU
		{435872C8-7177-40B0-BD94-80929F541D23}.AppStore|ARM.Build.0 = Release|Any CPU
		{435872C8-7177-40B0-BD94-80929F541D23}.AppStore|ARM.Deploy.0 = Release|Any CPU
		{435872C8-7177-40B0-BD94-80929F541D23}.AppStore|iPhone.ActiveCfg = Release|Any CPU
		{435872C8-7177-40B0-BD94-80929F541D23}.AppStore|iPhone.Build.0 = Release|Any CPU
		{435872C8-7177-40B0-BD94-80929F541D23}.AppStore|iPhone.Deploy.0 = Release|Any CPU
		{435872C8-7177-40B0-BD94-80929F541D23}.AppStore|iPhoneSimulator.ActiveCfg = Release|Any CPU
		{435872C8-7177-40B0-BD94-80929F541D23}.AppStore|iPhoneSimulator.Build.0 = Release|Any CPU
		{435872C8-7177-40B0-BD94-80929F541D23}.AppStore|iPhoneSimulator.Deploy.0 = Release|Any CPU
		{435872C8-7177-40B0-BD94-80929F541D23}.AppStore|x64.ActiveCfg = Release|Any CPU
		{435872C8-7177-40B0-BD94-80929F541D23}.AppStore|x64.Build.0 = Release|Any CPU
		{435872C8-7177-40B0-BD94-80929F541D23}.AppStore|x64.Deploy.0 = Release|Any CPU
		{435872C8-7177-40B0-BD94-80929F541D23}.AppStore|x86.ActiveCfg = Release|Any CPU
		{435872C8-7177-40B0-BD94-80929F541D23}.AppStore|x86.Build.0 = Release|Any CPU
		{435872C8-7177-40B0-BD94-80929F541D23}.AppStore|x86.Deploy.0 = Release|Any CPU
		{435872C8-7177-40B0-BD94-80929F541D23}.Debug|Any CPU.ActiveCfg = Debug|Any CPU
		{435872C8-7177-40B0-BD94-80929F541D23}.Debug|Any CPU.Build.0 = Debug|Any CPU
		{435872C8-7177-40B0-BD94-80929F541D23}.Debug|Any CPU.Deploy.0 = Debug|Any CPU
		{435872C8-7177-40B0-BD94-80929F541D23}.Debug|ARM.ActiveCfg = Debug|Any CPU
		{435872C8-7177-40B0-BD94-80929F541D23}.Debug|ARM.Build.0 = Debug|Any CPU
		{435872C8-7177-40B0-BD94-80929F541D23}.Debug|ARM.Deploy.0 = Debug|Any CPU
		{435872C8-7177-40B0-BD94-80929F541D23}.Debug|iPhone.ActiveCfg = Debug|Any CPU
		{435872C8-7177-40B0-BD94-80929F541D23}.Debug|iPhone.Build.0 = Debug|Any CPU
		{435872C8-7177-40B0-BD94-80929F541D23}.Debug|iPhone.Deploy.0 = Debug|Any CPU
		{435872C8-7177-40B0-BD94-80929F541D23}.Debug|iPhoneSimulator.ActiveCfg = Debug|Any CPU
		{435872C8-7177-40B0-BD94-80929F541D23}.Debug|iPhoneSimulator.Build.0 = Debug|Any CPU
		{435872C8-7177-40B0-BD94-80929F541D23}.Debug|iPhoneSimulator.Deploy.0 = Debug|Any CPU
		{435872C8-7177-40B0-BD94-80929F541D23}.Debug|x64.ActiveCfg = Debug|Any CPU
		{435872C8-7177-40B0-BD94-80929F541D23}.Debug|x64.Build.0 = Debug|Any CPU
		{435872C8-7177-40B0-BD94-80929F541D23}.Debug|x64.Deploy.0 = Debug|Any CPU
		{435872C8-7177-40B0-BD94-80929F541D23}.Debug|x86.ActiveCfg = Debug|Any CPU
		{435872C8-7177-40B0-BD94-80929F541D23}.Debug|x86.Build.0 = Debug|Any CPU
		{435872C8-7177-40B0-BD94-80929F541D23}.Debug|x86.Deploy.0 = Debug|Any CPU
		{435872C8-7177-40B0-BD94-80929F541D23}.Release|Any CPU.ActiveCfg = Release|Any CPU
		{435872C8-7177-40B0-BD94-80929F541D23}.Release|Any CPU.Build.0 = Release|Any CPU
		{435872C8-7177-40B0-BD94-80929F541D23}.Release|Any CPU.Deploy.0 = Release|Any CPU
		{435872C8-7177-40B0-BD94-80929F541D23}.Release|ARM.ActiveCfg = Release|Any CPU
		{435872C8-7177-40B0-BD94-80929F541D23}.Release|ARM.Build.0 = Release|Any CPU
		{435872C8-7177-40B0-BD94-80929F541D23}.Release|ARM.Deploy.0 = Release|Any CPU
		{435872C8-7177-40B0-BD94-80929F541D23}.Release|iPhone.ActiveCfg = Release|Any CPU
		{435872C8-7177-40B0-BD94-80929F541D23}.Release|iPhone.Build.0 = Release|Any CPU
		{435872C8-7177-40B0-BD94-80929F541D23}.Release|iPhone.Deploy.0 = Release|Any CPU
		{435872C8-7177-40B0-BD94-80929F541D23}.Release|iPhoneSimulator.ActiveCfg = Release|Any CPU
		{435872C8-7177-40B0-BD94-80929F541D23}.Release|iPhoneSimulator.Build.0 = Release|Any CPU
		{435872C8-7177-40B0-BD94-80929F541D23}.Release|iPhoneSimulator.Deploy.0 = Release|Any CPU
		{435872C8-7177-40B0-BD94-80929F541D23}.Release|x64.ActiveCfg = Release|Any CPU
		{435872C8-7177-40B0-BD94-80929F541D23}.Release|x64.Build.0 = Release|Any CPU
		{435872C8-7177-40B0-BD94-80929F541D23}.Release|x64.Deploy.0 = Release|Any CPU
		{435872C8-7177-40B0-BD94-80929F541D23}.Release|x86.ActiveCfg = Release|Any CPU
		{435872C8-7177-40B0-BD94-80929F541D23}.Release|x86.Build.0 = Release|Any CPU
		{435872C8-7177-40B0-BD94-80929F541D23}.Release|x86.Deploy.0 = Release|Any CPU
		{C9EBBBCA-015A-4E26-9297-3B8B7A80E09C}.Ad-Hoc|Any CPU.ActiveCfg = Ad-Hoc|iPhone
		{C9EBBBCA-015A-4E26-9297-3B8B7A80E09C}.Ad-Hoc|Any CPU.Build.0 = Ad-Hoc|iPhone
		{C9EBBBCA-015A-4E26-9297-3B8B7A80E09C}.Ad-Hoc|Any CPU.Deploy.0 = Ad-Hoc|iPhone
		{C9EBBBCA-015A-4E26-9297-3B8B7A80E09C}.Ad-Hoc|ARM.ActiveCfg = Ad-Hoc|iPhone
		{C9EBBBCA-015A-4E26-9297-3B8B7A80E09C}.Ad-Hoc|ARM.Build.0 = Ad-Hoc|iPhone
		{C9EBBBCA-015A-4E26-9297-3B8B7A80E09C}.Ad-Hoc|ARM.Deploy.0 = Ad-Hoc|iPhone
		{C9EBBBCA-015A-4E26-9297-3B8B7A80E09C}.Ad-Hoc|iPhone.ActiveCfg = Ad-Hoc|iPhone
		{C9EBBBCA-015A-4E26-9297-3B8B7A80E09C}.Ad-Hoc|iPhone.Build.0 = Ad-Hoc|iPhone
		{C9EBBBCA-015A-4E26-9297-3B8B7A80E09C}.Ad-Hoc|iPhone.Deploy.0 = Ad-Hoc|iPhone
		{C9EBBBCA-015A-4E26-9297-3B8B7A80E09C}.Ad-Hoc|iPhoneSimulator.ActiveCfg = Ad-Hoc|iPhoneSimulator
		{C9EBBBCA-015A-4E26-9297-3B8B7A80E09C}.Ad-Hoc|iPhoneSimulator.Build.0 = Ad-Hoc|iPhoneSimulator
		{C9EBBBCA-015A-4E26-9297-3B8B7A80E09C}.Ad-Hoc|iPhoneSimulator.Deploy.0 = Ad-Hoc|iPhoneSimulator
		{C9EBBBCA-015A-4E26-9297-3B8B7A80E09C}.Ad-Hoc|x64.ActiveCfg = Ad-Hoc|iPhone
		{C9EBBBCA-015A-4E26-9297-3B8B7A80E09C}.Ad-Hoc|x64.Build.0 = Ad-Hoc|iPhone
		{C9EBBBCA-015A-4E26-9297-3B8B7A80E09C}.Ad-Hoc|x64.Deploy.0 = Ad-Hoc|iPhone
		{C9EBBBCA-015A-4E26-9297-3B8B7A80E09C}.Ad-Hoc|x86.ActiveCfg = Ad-Hoc|iPhone
		{C9EBBBCA-015A-4E26-9297-3B8B7A80E09C}.Ad-Hoc|x86.Build.0 = Ad-Hoc|iPhone
		{C9EBBBCA-015A-4E26-9297-3B8B7A80E09C}.Ad-Hoc|x86.Deploy.0 = Ad-Hoc|iPhone
		{C9EBBBCA-015A-4E26-9297-3B8B7A80E09C}.AppStore|Any CPU.ActiveCfg = AppStore|iPhone
		{C9EBBBCA-015A-4E26-9297-3B8B7A80E09C}.AppStore|Any CPU.Build.0 = AppStore|iPhone
		{C9EBBBCA-015A-4E26-9297-3B8B7A80E09C}.AppStore|Any CPU.Deploy.0 = AppStore|iPhone
		{C9EBBBCA-015A-4E26-9297-3B8B7A80E09C}.AppStore|ARM.ActiveCfg = AppStore|iPhone
		{C9EBBBCA-015A-4E26-9297-3B8B7A80E09C}.AppStore|ARM.Build.0 = AppStore|iPhone
		{C9EBBBCA-015A-4E26-9297-3B8B7A80E09C}.AppStore|ARM.Deploy.0 = AppStore|iPhone
		{C9EBBBCA-015A-4E26-9297-3B8B7A80E09C}.AppStore|iPhone.ActiveCfg = AppStore|iPhone
		{C9EBBBCA-015A-4E26-9297-3B8B7A80E09C}.AppStore|iPhone.Build.0 = AppStore|iPhone
		{C9EBBBCA-015A-4E26-9297-3B8B7A80E09C}.AppStore|iPhone.Deploy.0 = AppStore|iPhone
		{C9EBBBCA-015A-4E26-9297-3B8B7A80E09C}.AppStore|iPhoneSimulator.ActiveCfg = AppStore|iPhoneSimulator
		{C9EBBBCA-015A-4E26-9297-3B8B7A80E09C}.AppStore|iPhoneSimulator.Build.0 = AppStore|iPhoneSimulator
		{C9EBBBCA-015A-4E26-9297-3B8B7A80E09C}.AppStore|iPhoneSimulator.Deploy.0 = AppStore|iPhoneSimulator
		{C9EBBBCA-015A-4E26-9297-3B8B7A80E09C}.AppStore|x64.ActiveCfg = AppStore|iPhone
		{C9EBBBCA-015A-4E26-9297-3B8B7A80E09C}.AppStore|x64.Build.0 = AppStore|iPhone
		{C9EBBBCA-015A-4E26-9297-3B8B7A80E09C}.AppStore|x64.Deploy.0 = AppStore|iPhone
		{C9EBBBCA-015A-4E26-9297-3B8B7A80E09C}.AppStore|x86.ActiveCfg = AppStore|iPhone
		{C9EBBBCA-015A-4E26-9297-3B8B7A80E09C}.AppStore|x86.Build.0 = AppStore|iPhone
		{C9EBBBCA-015A-4E26-9297-3B8B7A80E09C}.AppStore|x86.Deploy.0 = AppStore|iPhone
		{C9EBBBCA-015A-4E26-9297-3B8B7A80E09C}.Debug|Any CPU.ActiveCfg = Debug|iPhone
		{C9EBBBCA-015A-4E26-9297-3B8B7A80E09C}.Debug|Any CPU.Build.0 = Debug|iPhone
		{C9EBBBCA-015A-4E26-9297-3B8B7A80E09C}.Debug|Any CPU.Deploy.0 = Debug|iPhone
		{C9EBBBCA-015A-4E26-9297-3B8B7A80E09C}.Debug|ARM.ActiveCfg = Debug|iPhone
		{C9EBBBCA-015A-4E26-9297-3B8B7A80E09C}.Debug|ARM.Build.0 = Debug|iPhone
		{C9EBBBCA-015A-4E26-9297-3B8B7A80E09C}.Debug|ARM.Deploy.0 = Debug|iPhone
		{C9EBBBCA-015A-4E26-9297-3B8B7A80E09C}.Debug|iPhone.ActiveCfg = Debug|iPhone
		{C9EBBBCA-015A-4E26-9297-3B8B7A80E09C}.Debug|iPhone.Build.0 = Debug|iPhone
		{C9EBBBCA-015A-4E26-9297-3B8B7A80E09C}.Debug|iPhone.Deploy.0 = Debug|iPhone
		{C9EBBBCA-015A-4E26-9297-3B8B7A80E09C}.Debug|iPhoneSimulator.ActiveCfg = Debug|iPhoneSimulator
		{C9EBBBCA-015A-4E26-9297-3B8B7A80E09C}.Debug|iPhoneSimulator.Build.0 = Debug|iPhoneSimulator
		{C9EBBBCA-015A-4E26-9297-3B8B7A80E09C}.Debug|iPhoneSimulator.Deploy.0 = Debug|iPhoneSimulator
		{C9EBBBCA-015A-4E26-9297-3B8B7A80E09C}.Debug|x64.ActiveCfg = Debug|iPhone
		{C9EBBBCA-015A-4E26-9297-3B8B7A80E09C}.Debug|x64.Build.0 = Debug|iPhone
		{C9EBBBCA-015A-4E26-9297-3B8B7A80E09C}.Debug|x64.Deploy.0 = Debug|iPhone
		{C9EBBBCA-015A-4E26-9297-3B8B7A80E09C}.Debug|x86.ActiveCfg = Debug|iPhoneSimulator
		{C9EBBBCA-015A-4E26-9297-3B8B7A80E09C}.Debug|x86.Build.0 = Debug|iPhoneSimulator
		{C9EBBBCA-015A-4E26-9297-3B8B7A80E09C}.Debug|x86.Deploy.0 = Debug|iPhoneSimulator
		{C9EBBBCA-015A-4E26-9297-3B8B7A80E09C}.Release|Any CPU.ActiveCfg = Release|iPhone
		{C9EBBBCA-015A-4E26-9297-3B8B7A80E09C}.Release|Any CPU.Build.0 = Release|iPhone
		{C9EBBBCA-015A-4E26-9297-3B8B7A80E09C}.Release|Any CPU.Deploy.0 = Release|iPhone
		{C9EBBBCA-015A-4E26-9297-3B8B7A80E09C}.Release|ARM.ActiveCfg = Release|iPhone
		{C9EBBBCA-015A-4E26-9297-3B8B7A80E09C}.Release|ARM.Build.0 = Release|iPhone
		{C9EBBBCA-015A-4E26-9297-3B8B7A80E09C}.Release|ARM.Deploy.0 = Release|iPhone
		{C9EBBBCA-015A-4E26-9297-3B8B7A80E09C}.Release|iPhone.ActiveCfg = Release|iPhone
		{C9EBBBCA-015A-4E26-9297-3B8B7A80E09C}.Release|iPhone.Build.0 = Release|iPhone
		{C9EBBBCA-015A-4E26-9297-3B8B7A80E09C}.Release|iPhone.Deploy.0 = Release|iPhone
		{C9EBBBCA-015A-4E26-9297-3B8B7A80E09C}.Release|iPhoneSimulator.ActiveCfg = Release|iPhoneSimulator
		{C9EBBBCA-015A-4E26-9297-3B8B7A80E09C}.Release|iPhoneSimulator.Build.0 = Release|iPhoneSimulator
		{C9EBBBCA-015A-4E26-9297-3B8B7A80E09C}.Release|iPhoneSimulator.Deploy.0 = Release|iPhoneSimulator
		{C9EBBBCA-015A-4E26-9297-3B8B7A80E09C}.Release|x64.ActiveCfg = Release|iPhone
		{C9EBBBCA-015A-4E26-9297-3B8B7A80E09C}.Release|x64.Build.0 = Release|iPhone
		{C9EBBBCA-015A-4E26-9297-3B8B7A80E09C}.Release|x64.Deploy.0 = Release|iPhone
		{C9EBBBCA-015A-4E26-9297-3B8B7A80E09C}.Release|x86.ActiveCfg = Release|iPhone
		{C9EBBBCA-015A-4E26-9297-3B8B7A80E09C}.Release|x86.Build.0 = Release|iPhone
		{C9EBBBCA-015A-4E26-9297-3B8B7A80E09C}.Release|x86.Deploy.0 = Release|iPhone
		{CDEAADAD-49ED-49D6-B685-23FFC9ECEB00}.Ad-Hoc|Any CPU.ActiveCfg = Release|x86
		{CDEAADAD-49ED-49D6-B685-23FFC9ECEB00}.Ad-Hoc|Any CPU.Build.0 = Release|x86
		{CDEAADAD-49ED-49D6-B685-23FFC9ECEB00}.Ad-Hoc|Any CPU.Deploy.0 = Release|x86
		{CDEAADAD-49ED-49D6-B685-23FFC9ECEB00}.Ad-Hoc|ARM.ActiveCfg = Release|ARM
		{CDEAADAD-49ED-49D6-B685-23FFC9ECEB00}.Ad-Hoc|ARM.Build.0 = Release|ARM
		{CDEAADAD-49ED-49D6-B685-23FFC9ECEB00}.Ad-Hoc|ARM.Deploy.0 = Release|ARM
		{CDEAADAD-49ED-49D6-B685-23FFC9ECEB00}.Ad-Hoc|iPhone.ActiveCfg = Release|x86
		{CDEAADAD-49ED-49D6-B685-23FFC9ECEB00}.Ad-Hoc|iPhone.Build.0 = Release|x86
		{CDEAADAD-49ED-49D6-B685-23FFC9ECEB00}.Ad-Hoc|iPhone.Deploy.0 = Release|x86
		{CDEAADAD-49ED-49D6-B685-23FFC9ECEB00}.Ad-Hoc|iPhoneSimulator.ActiveCfg = Release|x86
		{CDEAADAD-49ED-49D6-B685-23FFC9ECEB00}.Ad-Hoc|iPhoneSimulator.Build.0 = Release|x86
		{CDEAADAD-49ED-49D6-B685-23FFC9ECEB00}.Ad-Hoc|iPhoneSimulator.Deploy.0 = Release|x86
		{CDEAADAD-49ED-49D6-B685-23FFC9ECEB00}.Ad-Hoc|x64.ActiveCfg = Release|x64
		{CDEAADAD-49ED-49D6-B685-23FFC9ECEB00}.Ad-Hoc|x64.Build.0 = Release|x64
		{CDEAADAD-49ED-49D6-B685-23FFC9ECEB00}.Ad-Hoc|x64.Deploy.0 = Release|x64
		{CDEAADAD-49ED-49D6-B685-23FFC9ECEB00}.Ad-Hoc|x86.ActiveCfg = Release|x86
		{CDEAADAD-49ED-49D6-B685-23FFC9ECEB00}.Ad-Hoc|x86.Build.0 = Release|x86
		{CDEAADAD-49ED-49D6-B685-23FFC9ECEB00}.Ad-Hoc|x86.Deploy.0 = Release|x86
		{CDEAADAD-49ED-49D6-B685-23FFC9ECEB00}.AppStore|Any CPU.ActiveCfg = Release|x86
		{CDEAADAD-49ED-49D6-B685-23FFC9ECEB00}.AppStore|Any CPU.Build.0 = Release|x86
		{CDEAADAD-49ED-49D6-B685-23FFC9ECEB00}.AppStore|Any CPU.Deploy.0 = Release|x86
		{CDEAADAD-49ED-49D6-B685-23FFC9ECEB00}.AppStore|ARM.ActiveCfg = Release|ARM
		{CDEAADAD-49ED-49D6-B685-23FFC9ECEB00}.AppStore|ARM.Build.0 = Release|ARM
		{CDEAADAD-49ED-49D6-B685-23FFC9ECEB00}.AppStore|ARM.Deploy.0 = Release|ARM
		{CDEAADAD-49ED-49D6-B685-23FFC9ECEB00}.AppStore|iPhone.ActiveCfg = Release|x86
		{CDEAADAD-49ED-49D6-B685-23FFC9ECEB00}.AppStore|iPhone.Build.0 = Release|x86
		{CDEAADAD-49ED-49D6-B685-23FFC9ECEB00}.AppStore|iPhone.Deploy.0 = Release|x86
		{CDEAADAD-49ED-49D6-B685-23FFC9ECEB00}.AppStore|iPhoneSimulator.ActiveCfg = Release|x86
		{CDEAADAD-49ED-49D6-B685-23FFC9ECEB00}.AppStore|iPhoneSimulator.Build.0 = Release|x86
		{CDEAADAD-49ED-49D6-B685-23FFC9ECEB00}.AppStore|iPhoneSimulator.Deploy.0 = Release|x86
		{CDEAADAD-49ED-49D6-B685-23FFC9ECEB00}.AppStore|x64.ActiveCfg = Release|x64
		{CDEAADAD-49ED-49D6-B685-23FFC9ECEB00}.AppStore|x64.Build.0 = Release|x64
		{CDEAADAD-49ED-49D6-B685-23FFC9ECEB00}.AppStore|x64.Deploy.0 = Release|x64
		{CDEAADAD-49ED-49D6-B685-23FFC9ECEB00}.AppStore|x86.ActiveCfg = Release|x86
		{CDEAADAD-49ED-49D6-B685-23FFC9ECEB00}.AppStore|x86.Build.0 = Release|x86
		{CDEAADAD-49ED-49D6-B685-23FFC9ECEB00}.AppStore|x86.Deploy.0 = Release|x86
		{CDEAADAD-49ED-49D6-B685-23FFC9ECEB00}.Debug|Any CPU.ActiveCfg = Debug|x86
		{CDEAADAD-49ED-49D6-B685-23FFC9ECEB00}.Debug|Any CPU.Build.0 = Debug|x86
		{CDEAADAD-49ED-49D6-B685-23FFC9ECEB00}.Debug|Any CPU.Deploy.0 = Debug|x86
		{CDEAADAD-49ED-49D6-B685-23FFC9ECEB00}.Debug|ARM.ActiveCfg = Debug|ARM
		{CDEAADAD-49ED-49D6-B685-23FFC9ECEB00}.Debug|ARM.Build.0 = Debug|ARM
		{CDEAADAD-49ED-49D6-B685-23FFC9ECEB00}.Debug|ARM.Deploy.0 = Debug|ARM
		{CDEAADAD-49ED-49D6-B685-23FFC9ECEB00}.Debug|iPhone.ActiveCfg = Debug|x86
		{CDEAADAD-49ED-49D6-B685-23FFC9ECEB00}.Debug|iPhone.Build.0 = Debug|x86
		{CDEAADAD-49ED-49D6-B685-23FFC9ECEB00}.Debug|iPhone.Deploy.0 = Debug|x86
		{CDEAADAD-49ED-49D6-B685-23FFC9ECEB00}.Debug|iPhoneSimulator.ActiveCfg = Debug|x86
		{CDEAADAD-49ED-49D6-B685-23FFC9ECEB00}.Debug|iPhoneSimulator.Build.0 = Debug|x86
		{CDEAADAD-49ED-49D6-B685-23FFC9ECEB00}.Debug|iPhoneSimulator.Deploy.0 = Debug|x86
		{CDEAADAD-49ED-49D6-B685-23FFC9ECEB00}.Debug|x64.ActiveCfg = Debug|x64
		{CDEAADAD-49ED-49D6-B685-23FFC9ECEB00}.Debug|x64.Build.0 = Debug|x64
		{CDEAADAD-49ED-49D6-B685-23FFC9ECEB00}.Debug|x64.Deploy.0 = Debug|x64
		{CDEAADAD-49ED-49D6-B685-23FFC9ECEB00}.Debug|x86.ActiveCfg = Debug|x86
		{CDEAADAD-49ED-49D6-B685-23FFC9ECEB00}.Debug|x86.Build.0 = Debug|x86
		{CDEAADAD-49ED-49D6-B685-23FFC9ECEB00}.Debug|x86.Deploy.0 = Debug|x86
		{CDEAADAD-49ED-49D6-B685-23FFC9ECEB00}.Release|Any CPU.ActiveCfg = Release|x86
		{CDEAADAD-49ED-49D6-B685-23FFC9ECEB00}.Release|Any CPU.Build.0 = Release|x86
		{CDEAADAD-49ED-49D6-B685-23FFC9ECEB00}.Release|Any CPU.Deploy.0 = Release|x86
		{CDEAADAD-49ED-49D6-B685-23FFC9ECEB00}.Release|ARM.ActiveCfg = Release|ARM
		{CDEAADAD-49ED-49D6-B685-23FFC9ECEB00}.Release|ARM.Build.0 = Release|ARM
		{CDEAADAD-49ED-49D6-B685-23FFC9ECEB00}.Release|ARM.Deploy.0 = Release|ARM
		{CDEAADAD-49ED-49D6-B685-23FFC9ECEB00}.Release|iPhone.ActiveCfg = Release|x86
		{CDEAADAD-49ED-49D6-B685-23FFC9ECEB00}.Release|iPhone.Build.0 = Release|x86
		{CDEAADAD-49ED-49D6-B685-23FFC9ECEB00}.Release|iPhone.Deploy.0 = Release|x86
		{CDEAADAD-49ED-49D6-B685-23FFC9ECEB00}.Release|iPhoneSimulator.ActiveCfg = Release|x86
		{CDEAADAD-49ED-49D6-B685-23FFC9ECEB00}.Release|iPhoneSimulator.Build.0 = Release|x86
		{CDEAADAD-49ED-49D6-B685-23FFC9ECEB00}.Release|iPhoneSimulator.Deploy.0 = Release|x86
		{CDEAADAD-49ED-49D6-B685-23FFC9ECEB00}.Release|x64.ActiveCfg = Release|x64
		{CDEAADAD-49ED-49D6-B685-23FFC9ECEB00}.Release|x64.Build.0 = Release|x64
		{CDEAADAD-49ED-49D6-B685-23FFC9ECEB00}.Release|x64.Deploy.0 = Release|x64
		{CDEAADAD-49ED-49D6-B685-23FFC9ECEB00}.Release|x86.ActiveCfg = Release|x86
		{CDEAADAD-49ED-49D6-B685-23FFC9ECEB00}.Release|x86.Build.0 = Release|x86
		{CDEAADAD-49ED-49D6-B685-23FFC9ECEB00}.Release|x86.Deploy.0 = Release|x86
		{184E2280-91F6-40B3-9A21-697E40B0E7F9}.Ad-Hoc|Any CPU.ActiveCfg = Debug|Any CPU
		{184E2280-91F6-40B3-9A21-697E40B0E7F9}.Ad-Hoc|Any CPU.Build.0 = Debug|Any CPU
		{184E2280-91F6-40B3-9A21-697E40B0E7F9}.Ad-Hoc|Any CPU.Deploy.0 = Debug|Any CPU
		{184E2280-91F6-40B3-9A21-697E40B0E7F9}.Ad-Hoc|ARM.ActiveCfg = Debug|Any CPU
		{184E2280-91F6-40B3-9A21-697E40B0E7F9}.Ad-Hoc|ARM.Build.0 = Debug|Any CPU
		{184E2280-91F6-40B3-9A21-697E40B0E7F9}.Ad-Hoc|ARM.Deploy.0 = Debug|Any CPU
		{184E2280-91F6-40B3-9A21-697E40B0E7F9}.Ad-Hoc|iPhone.ActiveCfg = Debug|Any CPU
		{184E2280-91F6-40B3-9A21-697E40B0E7F9}.Ad-Hoc|iPhone.Build.0 = Debug|Any CPU
		{184E2280-91F6-40B3-9A21-697E40B0E7F9}.Ad-Hoc|iPhone.Deploy.0 = Debug|Any CPU
		{184E2280-91F6-40B3-9A21-697E40B0E7F9}.Ad-Hoc|iPhoneSimulator.ActiveCfg = Debug|Any CPU
		{184E2280-91F6-40B3-9A21-697E40B0E7F9}.Ad-Hoc|iPhoneSimulator.Build.0 = Debug|Any CPU
		{184E2280-91F6-40B3-9A21-697E40B0E7F9}.Ad-Hoc|iPhoneSimulator.Deploy.0 = Debug|Any CPU
		{184E2280-91F6-40B3-9A21-697E40B0E7F9}.Ad-Hoc|x64.ActiveCfg = Debug|Any CPU
		{184E2280-91F6-40B3-9A21-697E40B0E7F9}.Ad-Hoc|x64.Build.0 = Debug|Any CPU
		{184E2280-91F6-40B3-9A21-697E40B0E7F9}.Ad-Hoc|x64.Deploy.0 = Debug|Any CPU
		{184E2280-91F6-40B3-9A21-697E40B0E7F9}.Ad-Hoc|x86.ActiveCfg = Debug|Any CPU
		{184E2280-91F6-40B3-9A21-697E40B0E7F9}.Ad-Hoc|x86.Build.0 = Debug|Any CPU
		{184E2280-91F6-40B3-9A21-697E40B0E7F9}.Ad-Hoc|x86.Deploy.0 = Debug|Any CPU
		{184E2280-91F6-40B3-9A21-697E40B0E7F9}.AppStore|Any CPU.ActiveCfg = Debug|Any CPU
		{184E2280-91F6-40B3-9A21-697E40B0E7F9}.AppStore|Any CPU.Build.0 = Debug|Any CPU
		{184E2280-91F6-40B3-9A21-697E40B0E7F9}.AppStore|Any CPU.Deploy.0 = Debug|Any CPU
		{184E2280-91F6-40B3-9A21-697E40B0E7F9}.AppStore|ARM.ActiveCfg = Debug|Any CPU
		{184E2280-91F6-40B3-9A21-697E40B0E7F9}.AppStore|ARM.Build.0 = Debug|Any CPU
		{184E2280-91F6-40B3-9A21-697E40B0E7F9}.AppStore|ARM.Deploy.0 = Debug|Any CPU
		{184E2280-91F6-40B3-9A21-697E40B0E7F9}.AppStore|iPhone.ActiveCfg = Debug|Any CPU
		{184E2280-91F6-40B3-9A21-697E40B0E7F9}.AppStore|iPhone.Build.0 = Debug|Any CPU
		{184E2280-91F6-40B3-9A21-697E40B0E7F9}.AppStore|iPhone.Deploy.0 = Debug|Any CPU
		{184E2280-91F6-40B3-9A21-697E40B0E7F9}.AppStore|iPhoneSimulator.ActiveCfg = Debug|Any CPU
		{184E2280-91F6-40B3-9A21-697E40B0E7F9}.AppStore|iPhoneSimulator.Build.0 = Debug|Any CPU
		{184E2280-91F6-40B3-9A21-697E40B0E7F9}.AppStore|iPhoneSimulator.Deploy.0 = Debug|Any CPU
		{184E2280-91F6-40B3-9A21-697E40B0E7F9}.AppStore|x64.ActiveCfg = Debug|Any CPU
		{184E2280-91F6-40B3-9A21-697E40B0E7F9}.AppStore|x64.Build.0 = Debug|Any CPU
		{184E2280-91F6-40B3-9A21-697E40B0E7F9}.AppStore|x64.Deploy.0 = Debug|Any CPU
		{184E2280-91F6-40B3-9A21-697E40B0E7F9}.AppStore|x86.ActiveCfg = Debug|Any CPU
		{184E2280-91F6-40B3-9A21-697E40B0E7F9}.AppStore|x86.Build.0 = Debug|Any CPU
		{184E2280-91F6-40B3-9A21-697E40B0E7F9}.AppStore|x86.Deploy.0 = Debug|Any CPU
		{184E2280-91F6-40B3-9A21-697E40B0E7F9}.Debug|Any CPU.ActiveCfg = Debug|Any CPU
		{184E2280-91F6-40B3-9A21-697E40B0E7F9}.Debug|Any CPU.Build.0 = Debug|Any CPU
		{184E2280-91F6-40B3-9A21-697E40B0E7F9}.Debug|Any CPU.Deploy.0 = Debug|Any CPU
		{184E2280-91F6-40B3-9A21-697E40B0E7F9}.Debug|ARM.ActiveCfg = Debug|Any CPU
		{184E2280-91F6-40B3-9A21-697E40B0E7F9}.Debug|ARM.Build.0 = Debug|Any CPU
		{184E2280-91F6-40B3-9A21-697E40B0E7F9}.Debug|ARM.Deploy.0 = Debug|Any CPU
		{184E2280-91F6-40B3-9A21-697E40B0E7F9}.Debug|iPhone.ActiveCfg = Debug|Any CPU
		{184E2280-91F6-40B3-9A21-697E40B0E7F9}.Debug|iPhone.Build.0 = Debug|Any CPU
		{184E2280-91F6-40B3-9A21-697E40B0E7F9}.Debug|iPhone.Deploy.0 = Debug|Any CPU
		{184E2280-91F6-40B3-9A21-697E40B0E7F9}.Debug|iPhoneSimulator.ActiveCfg = Debug|Any CPU
		{184E2280-91F6-40B3-9A21-697E40B0E7F9}.Debug|iPhoneSimulator.Build.0 = Debug|Any CPU
		{184E2280-91F6-40B3-9A21-697E40B0E7F9}.Debug|iPhoneSimulator.Deploy.0 = Debug|Any CPU
		{184E2280-91F6-40B3-9A21-697E40B0E7F9}.Debug|x64.ActiveCfg = Debug|Any CPU
		{184E2280-91F6-40B3-9A21-697E40B0E7F9}.Debug|x64.Build.0 = Debug|Any CPU
		{184E2280-91F6-40B3-9A21-697E40B0E7F9}.Debug|x64.Deploy.0 = Debug|Any CPU
		{184E2280-91F6-40B3-9A21-697E40B0E7F9}.Debug|x86.ActiveCfg = Debug|Any CPU
		{184E2280-91F6-40B3-9A21-697E40B0E7F9}.Debug|x86.Build.0 = Debug|Any CPU
		{184E2280-91F6-40B3-9A21-697E40B0E7F9}.Debug|x86.Deploy.0 = Debug|Any CPU
		{184E2280-91F6-40B3-9A21-697E40B0E7F9}.Release|Any CPU.ActiveCfg = Release|Any CPU
		{184E2280-91F6-40B3-9A21-697E40B0E7F9}.Release|Any CPU.Build.0 = Release|Any CPU
		{184E2280-91F6-40B3-9A21-697E40B0E7F9}.Release|Any CPU.Deploy.0 = Release|Any CPU
		{184E2280-91F6-40B3-9A21-697E40B0E7F9}.Release|ARM.ActiveCfg = Release|Any CPU
		{184E2280-91F6-40B3-9A21-697E40B0E7F9}.Release|ARM.Build.0 = Release|Any CPU
		{184E2280-91F6-40B3-9A21-697E40B0E7F9}.Release|ARM.Deploy.0 = Release|Any CPU
		{184E2280-91F6-40B3-9A21-697E40B0E7F9}.Release|iPhone.ActiveCfg = Release|Any CPU
		{184E2280-91F6-40B3-9A21-697E40B0E7F9}.Release|iPhone.Build.0 = Release|Any CPU
		{184E2280-91F6-40B3-9A21-697E40B0E7F9}.Release|iPhone.Deploy.0 = Release|Any CPU
		{184E2280-91F6-40B3-9A21-697E40B0E7F9}.Release|iPhoneSimulator.ActiveCfg = Release|Any CPU
		{184E2280-91F6-40B3-9A21-697E40B0E7F9}.Release|iPhoneSimulator.Build.0 = Release|Any CPU
		{184E2280-91F6-40B3-9A21-697E40B0E7F9}.Release|iPhoneSimulator.Deploy.0 = Release|Any CPU
		{184E2280-91F6-40B3-9A21-697E40B0E7F9}.Release|x64.ActiveCfg = Release|Any CPU
		{184E2280-91F6-40B3-9A21-697E40B0E7F9}.Release|x64.Build.0 = Release|Any CPU
		{184E2280-91F6-40B3-9A21-697E40B0E7F9}.Release|x64.Deploy.0 = Release|Any CPU
		{184E2280-91F6-40B3-9A21-697E40B0E7F9}.Release|x86.ActiveCfg = Release|Any CPU
		{184E2280-91F6-40B3-9A21-697E40B0E7F9}.Release|x86.Build.0 = Release|Any CPU
		{184E2280-91F6-40B3-9A21-697E40B0E7F9}.Release|x86.Deploy.0 = Release|Any CPU
	EndGlobalSection
	GlobalSection(SolutionProperties) = preSolution
		HideSolutionNode = FALSE
	EndGlobalSection
	GlobalSection(ExtensibilityGlobals) = postSolution
		SolutionGuid = {4EFD0381-5E01-44EF-9078-4F9A8872480E}
	EndGlobalSection
EndGlobal
